// !$*UTF8*$!
{
	archiveVersion = 1;
	classes = {
	};
	objectVersion = 56;
	objects = {

/* Begin PBXBuildFile section */
		0A39B87F29C9D8E4003B58DB /* BarGraph.swift in Sources */ = {isa = PBXBuildFile; fileRef = 0A39B87E29C9D8E4003B58DB /* BarGraph.swift */; };
		0A39B88129C9EB96003B58DB /* DetailWeatherViewModel.swift in Sources */ = {isa = PBXBuildFile; fileRef = 0A39B88029C9EB96003B58DB /* DetailWeatherViewModel.swift */; };
		0A39B88329C9EDB1003B58DB /* BarGraphModel.swift in Sources */ = {isa = PBXBuildFile; fileRef = 0A39B88229C9EDB1003B58DB /* BarGraphModel.swift */; };
		0A39B88529CB3058003B58DB /* UILabel+.swift in Sources */ = {isa = PBXBuildFile; fileRef = 0A39B88429CB3058003B58DB /* UILabel+.swift */; };
		0A39B88729CB30F9003B58DB /* UIStackView+.swift in Sources */ = {isa = PBXBuildFile; fileRef = 0A39B88629CB30F9003B58DB /* UIStackView+.swift */; };
		0A39B88929D03158003B58DB /* FavoriteRegionCellData.swift in Sources */ = {isa = PBXBuildFile; fileRef = 0A39B88829D03158003B58DB /* FavoriteRegionCellData.swift */; };
		0A39B88B29D0858A003B58DB /* UIColor+.swift in Sources */ = {isa = PBXBuildFile; fileRef = 0A39B88A29D0858A003B58DB /* UIColor+.swift */; };
		0A39B88D29D46981003B58DB /* DetailCurrentWeatherView.swift in Sources */ = {isa = PBXBuildFile; fileRef = 0A39B88C29D46981003B58DB /* DetailCurrentWeatherView.swift */; };
		0A39B88F29D5CDA5003B58DB /* WeekWeatherCollectionView.swift in Sources */ = {isa = PBXBuildFile; fileRef = 0A39B88E29D5CDA5003B58DB /* WeekWeatherCollectionView.swift */; };
		0A39B89129D5CF68003B58DB /* WeekWeatherCellData.swift in Sources */ = {isa = PBXBuildFile; fileRef = 0A39B89029D5CF68003B58DB /* WeekWeatherCellData.swift */; };
		0A4AF0AA29B231BF0034E5D0 /* AppDelegate.swift in Sources */ = {isa = PBXBuildFile; fileRef = 0A4AF0A929B231BF0034E5D0 /* AppDelegate.swift */; };
		0A4AF0AC29B231BF0034E5D0 /* SceneDelegate.swift in Sources */ = {isa = PBXBuildFile; fileRef = 0A4AF0AB29B231BF0034E5D0 /* SceneDelegate.swift */; };
		0A4AF0B329B231C00034E5D0 /* Assets.xcassets in Resources */ = {isa = PBXBuildFile; fileRef = 0A4AF0B229B231C00034E5D0 /* Assets.xcassets */; };
		0A4AF0B629B231C00034E5D0 /* LaunchScreen.storyboard in Resources */ = {isa = PBXBuildFile; fileRef = 0A4AF0B429B231C00034E5D0 /* LaunchScreen.storyboard */; };
		0A4AF0C129B231C00034E5D0 /* SurfAppTests.swift in Sources */ = {isa = PBXBuildFile; fileRef = 0A4AF0C029B231C00034E5D0 /* SurfAppTests.swift */; };
		0A4AF0CB29B231C00034E5D0 /* SurfAppUITests.swift in Sources */ = {isa = PBXBuildFile; fileRef = 0A4AF0CA29B231C00034E5D0 /* SurfAppUITests.swift */; };
		0A4AF0CD29B231C00034E5D0 /* SurfAppUITestsLaunchTests.swift in Sources */ = {isa = PBXBuildFile; fileRef = 0A4AF0CC29B231C00034E5D0 /* SurfAppUITestsLaunchTests.swift */; };
		0A4AF0DB29B2322E0034E5D0 /* Alamofire in Frameworks */ = {isa = PBXBuildFile; productRef = 0A4AF0DA29B2322E0034E5D0 /* Alamofire */; };
		0A4AF0DE29B232690034E5D0 /* RxCocoa in Frameworks */ = {isa = PBXBuildFile; productRef = 0A4AF0DD29B232690034E5D0 /* RxCocoa */; };
		0A4AF0E029B232690034E5D0 /* RxSwift in Frameworks */ = {isa = PBXBuildFile; productRef = 0A4AF0DF29B232690034E5D0 /* RxSwift */; };
		0A4AF0E329B232960034E5D0 /* SnapKit in Frameworks */ = {isa = PBXBuildFile; productRef = 0A4AF0E229B232960034E5D0 /* SnapKit */; };
		0A4AF0E529B232F10034E5D0 /* MainViewController.swift in Sources */ = {isa = PBXBuildFile; fileRef = 0A4AF0E429B232F10034E5D0 /* MainViewController.swift */; };
		0A4AF0ED29B2348D0034E5D0 /* MainViewModel.swift in Sources */ = {isa = PBXBuildFile; fileRef = 0A4AF0EC29B2348D0034E5D0 /* MainViewModel.swift */; };
		0A4AF0F129B237B30034E5D0 /* RegionModel.swift in Sources */ = {isa = PBXBuildFile; fileRef = 0A4AF0F029B237B30034E5D0 /* RegionModel.swift */; };
		0A4AF0F529B238520034E5D0 /* StormglassNetworking.swift in Sources */ = {isa = PBXBuildFile; fileRef = 0A4AF0F429B238520034E5D0 /* StormglassNetworking.swift */; };
		0A4AF0FB29B23B950034E5D0 /* APIKey.swift in Sources */ = {isa = PBXBuildFile; fileRef = 0A4AF0FA29B23B950034E5D0 /* APIKey.swift */; };
		0A4AF0FD29B23EFC0034E5D0 /* StormglassResponse.swift in Sources */ = {isa = PBXBuildFile; fileRef = 0A4AF0FC29B23EFC0034E5D0 /* StormglassResponse.swift */; };
		0A4AF10029B243F90034E5D0 /* Date+.swift in Sources */ = {isa = PBXBuildFile; fileRef = 0A4AF0FF29B243F90034E5D0 /* Date+.swift */; };
		0A4AF10229B316C50034E5D0 /* FavoriteRegionCollectionView.swift in Sources */ = {isa = PBXBuildFile; fileRef = 0A4AF10129B316C50034E5D0 /* FavoriteRegionCollectionView.swift */; };
		0A4AF10429B31C510034E5D0 /* SearchTableView.swift in Sources */ = {isa = PBXBuildFile; fileRef = 0A4AF10329B31C510034E5D0 /* SearchTableView.swift */; };
		0A4AF10629B323710034E5D0 /* UICollectionViewCell+.swift in Sources */ = {isa = PBXBuildFile; fileRef = 0A4AF10529B323710034E5D0 /* UICollectionViewCell+.swift */; };
		0A4AF10829B323850034E5D0 /* UITableViewCell+.swift in Sources */ = {isa = PBXBuildFile; fileRef = 0A4AF10729B323850034E5D0 /* UITableViewCell+.swift */; };
		0A4AF10B29B332050034E5D0 /* DetailWeatherViewController.swift in Sources */ = {isa = PBXBuildFile; fileRef = 0A4AF10A29B332050034E5D0 /* DetailWeatherViewController.swift */; };
		0A4AF11229BC5D4D0034E5D0 /* WeatherModel.swift in Sources */ = {isa = PBXBuildFile; fileRef = 0A4AF11129BC5D4D0034E5D0 /* WeatherModel.swift */; };
		0AE0E23929BFF4E800F5F0D6 /* SavedRegionManager.swift in Sources */ = {isa = PBXBuildFile; fileRef = 0AE0E23829BFF4E800F5F0D6 /* SavedRegionManager.swift */; };
		0AE0E23B29C07D0F00F5F0D6 /* Sequence+.swift in Sources */ = {isa = PBXBuildFile; fileRef = 0AE0E23A29C07D0F00F5F0D6 /* Sequence+.swift */; };
		3F343CA529C337F3006C8FE8 /* Array+.swift in Sources */ = {isa = PBXBuildFile; fileRef = 3F343CA429C337F3006C8FE8 /* Array+.swift */; };
/* End PBXBuildFile section */

/* Begin PBXContainerItemProxy section */
		0A4AF0BD29B231C00034E5D0 /* PBXContainerItemProxy */ = {
			isa = PBXContainerItemProxy;
			containerPortal = 0A4AF09E29B231BF0034E5D0 /* Project object */;
			proxyType = 1;
			remoteGlobalIDString = 0A4AF0A529B231BF0034E5D0;
			remoteInfo = SurfApp;
		};
		0A4AF0C729B231C00034E5D0 /* PBXContainerItemProxy */ = {
			isa = PBXContainerItemProxy;
			containerPortal = 0A4AF09E29B231BF0034E5D0 /* Project object */;
			proxyType = 1;
			remoteGlobalIDString = 0A4AF0A529B231BF0034E5D0;
			remoteInfo = SurfApp;
		};
/* End PBXContainerItemProxy section */

/* Begin PBXFileReference section */
		0A39B87E29C9D8E4003B58DB /* BarGraph.swift */ = {isa = PBXFileReference; lastKnownFileType = sourcecode.swift; path = BarGraph.swift; sourceTree = "<group>"; };
		0A39B88029C9EB96003B58DB /* DetailWeatherViewModel.swift */ = {isa = PBXFileReference; lastKnownFileType = sourcecode.swift; path = DetailWeatherViewModel.swift; sourceTree = "<group>"; };
		0A39B88229C9EDB1003B58DB /* BarGraphModel.swift */ = {isa = PBXFileReference; lastKnownFileType = sourcecode.swift; path = BarGraphModel.swift; sourceTree = "<group>"; };
		0A39B88429CB3058003B58DB /* UILabel+.swift */ = {isa = PBXFileReference; lastKnownFileType = sourcecode.swift; path = "UILabel+.swift"; sourceTree = "<group>"; };
		0A39B88629CB30F9003B58DB /* UIStackView+.swift */ = {isa = PBXFileReference; lastKnownFileType = sourcecode.swift; path = "UIStackView+.swift"; sourceTree = "<group>"; };
		0A39B88829D03158003B58DB /* FavoriteRegionCellData.swift */ = {isa = PBXFileReference; lastKnownFileType = sourcecode.swift; path = FavoriteRegionCellData.swift; sourceTree = "<group>"; };
		0A39B88A29D0858A003B58DB /* UIColor+.swift */ = {isa = PBXFileReference; lastKnownFileType = sourcecode.swift; path = "UIColor+.swift"; sourceTree = "<group>"; };
		0A39B88C29D46981003B58DB /* DetailCurrentWeatherView.swift */ = {isa = PBXFileReference; lastKnownFileType = sourcecode.swift; path = DetailCurrentWeatherView.swift; sourceTree = "<group>"; };
		0A39B88E29D5CDA5003B58DB /* WeekWeatherCollectionView.swift */ = {isa = PBXFileReference; lastKnownFileType = sourcecode.swift; path = WeekWeatherCollectionView.swift; sourceTree = "<group>"; };
		0A39B89029D5CF68003B58DB /* WeekWeatherCellData.swift */ = {isa = PBXFileReference; lastKnownFileType = sourcecode.swift; path = WeekWeatherCellData.swift; sourceTree = "<group>"; };
		0A4AF0A629B231BF0034E5D0 /* SurfApp.app */ = {isa = PBXFileReference; explicitFileType = wrapper.application; includeInIndex = 0; path = SurfApp.app; sourceTree = BUILT_PRODUCTS_DIR; };
		0A4AF0A929B231BF0034E5D0 /* AppDelegate.swift */ = {isa = PBXFileReference; lastKnownFileType = sourcecode.swift; path = AppDelegate.swift; sourceTree = "<group>"; };
		0A4AF0AB29B231BF0034E5D0 /* SceneDelegate.swift */ = {isa = PBXFileReference; lastKnownFileType = sourcecode.swift; path = SceneDelegate.swift; sourceTree = "<group>"; };
		0A4AF0B229B231C00034E5D0 /* Assets.xcassets */ = {isa = PBXFileReference; lastKnownFileType = folder.assetcatalog; path = Assets.xcassets; sourceTree = "<group>"; };
		0A4AF0B529B231C00034E5D0 /* Base */ = {isa = PBXFileReference; lastKnownFileType = file.storyboard; name = Base; path = Base.lproj/LaunchScreen.storyboard; sourceTree = "<group>"; };
		0A4AF0B729B231C00034E5D0 /* Info.plist */ = {isa = PBXFileReference; lastKnownFileType = text.plist.xml; path = Info.plist; sourceTree = "<group>"; };
		0A4AF0BC29B231C00034E5D0 /* SurfAppTests.xctest */ = {isa = PBXFileReference; explicitFileType = wrapper.cfbundle; includeInIndex = 0; path = SurfAppTests.xctest; sourceTree = BUILT_PRODUCTS_DIR; };
		0A4AF0C029B231C00034E5D0 /* SurfAppTests.swift */ = {isa = PBXFileReference; lastKnownFileType = sourcecode.swift; path = SurfAppTests.swift; sourceTree = "<group>"; };
		0A4AF0C629B231C00034E5D0 /* SurfAppUITests.xctest */ = {isa = PBXFileReference; explicitFileType = wrapper.cfbundle; includeInIndex = 0; path = SurfAppUITests.xctest; sourceTree = BUILT_PRODUCTS_DIR; };
		0A4AF0CA29B231C00034E5D0 /* SurfAppUITests.swift */ = {isa = PBXFileReference; lastKnownFileType = sourcecode.swift; path = SurfAppUITests.swift; sourceTree = "<group>"; };
		0A4AF0CC29B231C00034E5D0 /* SurfAppUITestsLaunchTests.swift */ = {isa = PBXFileReference; lastKnownFileType = sourcecode.swift; path = SurfAppUITestsLaunchTests.swift; sourceTree = "<group>"; };
		0A4AF0E429B232F10034E5D0 /* MainViewController.swift */ = {isa = PBXFileReference; lastKnownFileType = sourcecode.swift; path = MainViewController.swift; sourceTree = "<group>"; };
		0A4AF0EC29B2348D0034E5D0 /* MainViewModel.swift */ = {isa = PBXFileReference; lastKnownFileType = sourcecode.swift; path = MainViewModel.swift; sourceTree = "<group>"; };
		0A4AF0F029B237B30034E5D0 /* RegionModel.swift */ = {isa = PBXFileReference; lastKnownFileType = sourcecode.swift; path = RegionModel.swift; sourceTree = "<group>"; };
		0A4AF0F429B238520034E5D0 /* StormglassNetworking.swift */ = {isa = PBXFileReference; lastKnownFileType = sourcecode.swift; path = StormglassNetworking.swift; sourceTree = "<group>"; };
		0A4AF0FA29B23B950034E5D0 /* APIKey.swift */ = {isa = PBXFileReference; lastKnownFileType = sourcecode.swift; path = APIKey.swift; sourceTree = "<group>"; };
		0A4AF0FC29B23EFC0034E5D0 /* StormglassResponse.swift */ = {isa = PBXFileReference; lastKnownFileType = sourcecode.swift; path = StormglassResponse.swift; sourceTree = "<group>"; };
		0A4AF0FF29B243F90034E5D0 /* Date+.swift */ = {isa = PBXFileReference; lastKnownFileType = sourcecode.swift; path = "Date+.swift"; sourceTree = "<group>"; };
		0A4AF10129B316C50034E5D0 /* FavoriteRegionCollectionView.swift */ = {isa = PBXFileReference; lastKnownFileType = sourcecode.swift; path = FavoriteRegionCollectionView.swift; sourceTree = "<group>"; };
		0A4AF10329B31C510034E5D0 /* SearchTableView.swift */ = {isa = PBXFileReference; lastKnownFileType = sourcecode.swift; path = SearchTableView.swift; sourceTree = "<group>"; };
		0A4AF10529B323710034E5D0 /* UICollectionViewCell+.swift */ = {isa = PBXFileReference; lastKnownFileType = sourcecode.swift; path = "UICollectionViewCell+.swift"; sourceTree = "<group>"; };
		0A4AF10729B323850034E5D0 /* UITableViewCell+.swift */ = {isa = PBXFileReference; lastKnownFileType = sourcecode.swift; path = "UITableViewCell+.swift"; sourceTree = "<group>"; };
		0A4AF10A29B332050034E5D0 /* DetailWeatherViewController.swift */ = {isa = PBXFileReference; lastKnownFileType = sourcecode.swift; path = DetailWeatherViewController.swift; sourceTree = "<group>"; };
		0A4AF11129BC5D4D0034E5D0 /* WeatherModel.swift */ = {isa = PBXFileReference; lastKnownFileType = sourcecode.swift; path = WeatherModel.swift; sourceTree = "<group>"; };
		0AE0E23829BFF4E800F5F0D6 /* SavedRegionManager.swift */ = {isa = PBXFileReference; lastKnownFileType = sourcecode.swift; path = SavedRegionManager.swift; sourceTree = "<group>"; };
		0AE0E23A29C07D0F00F5F0D6 /* Sequence+.swift */ = {isa = PBXFileReference; lastKnownFileType = sourcecode.swift; path = "Sequence+.swift"; sourceTree = "<group>"; };
		3F343CA429C337F3006C8FE8 /* Array+.swift */ = {isa = PBXFileReference; lastKnownFileType = sourcecode.swift; path = "Array+.swift"; sourceTree = "<group>"; };
/* End PBXFileReference section */

/* Begin PBXFrameworksBuildPhase section */
		0A4AF0A329B231BF0034E5D0 /* Frameworks */ = {
			isa = PBXFrameworksBuildPhase;
			buildActionMask = 2147483647;
			files = (
				0A4AF0E029B232690034E5D0 /* RxSwift in Frameworks */,
				0A4AF0E329B232960034E5D0 /* SnapKit in Frameworks */,
				0A4AF0DE29B232690034E5D0 /* RxCocoa in Frameworks */,
				0A4AF0DB29B2322E0034E5D0 /* Alamofire in Frameworks */,
			);
			runOnlyForDeploymentPostprocessing = 0;
		};
		0A4AF0B929B231C00034E5D0 /* Frameworks */ = {
			isa = PBXFrameworksBuildPhase;
			buildActionMask = 2147483647;
			files = (
			);
			runOnlyForDeploymentPostprocessing = 0;
		};
		0A4AF0C329B231C00034E5D0 /* Frameworks */ = {
			isa = PBXFrameworksBuildPhase;
			buildActionMask = 2147483647;
			files = (
			);
			runOnlyForDeploymentPostprocessing = 0;
		};
/* End PBXFrameworksBuildPhase section */

/* Begin PBXGroup section */
		0A0CBB1F29BFF3E0002B6AE3 /* Classes */ = {
			isa = PBXGroup;
			children = (
				0AE0E23829BFF4E800F5F0D6 /* SavedRegionManager.swift */,
			);
			path = Classes;
			sourceTree = "<group>";
		};
		0A4AF09D29B231BF0034E5D0 = {
			isa = PBXGroup;
			children = (
				0A4AF0A829B231BF0034E5D0 /* SurfApp */,
				0A4AF0BF29B231C00034E5D0 /* SurfAppTests */,
				0A4AF0C929B231C00034E5D0 /* SurfAppUITests */,
				0A4AF0A729B231BF0034E5D0 /* Products */,
			);
			sourceTree = "<group>";
		};
		0A4AF0A729B231BF0034E5D0 /* Products */ = {
			isa = PBXGroup;
			children = (
				0A4AF0A629B231BF0034E5D0 /* SurfApp.app */,
				0A4AF0BC29B231C00034E5D0 /* SurfAppTests.xctest */,
				0A4AF0C629B231C00034E5D0 /* SurfAppUITests.xctest */,
			);
			name = Products;
			sourceTree = "<group>";
		};
		0A4AF0A829B231BF0034E5D0 /* SurfApp */ = {
			isa = PBXGroup;
			children = (
				0A4AF0FA29B23B950034E5D0 /* APIKey.swift */,
				0A4AF0E629B234190034E5D0 /* Sources */,
				0A4AF0A929B231BF0034E5D0 /* AppDelegate.swift */,
				0A4AF0AB29B231BF0034E5D0 /* SceneDelegate.swift */,
				0A4AF0B229B231C00034E5D0 /* Assets.xcassets */,
				0A4AF0B429B231C00034E5D0 /* LaunchScreen.storyboard */,
				0A4AF0B729B231C00034E5D0 /* Info.plist */,
			);
			path = SurfApp;
			sourceTree = "<group>";
		};
		0A4AF0BF29B231C00034E5D0 /* SurfAppTests */ = {
			isa = PBXGroup;
			children = (
				0A4AF0C029B231C00034E5D0 /* SurfAppTests.swift */,
			);
			path = SurfAppTests;
			sourceTree = "<group>";
		};
		0A4AF0C929B231C00034E5D0 /* SurfAppUITests */ = {
			isa = PBXGroup;
			children = (
				0A4AF0CA29B231C00034E5D0 /* SurfAppUITests.swift */,
				0A4AF0CC29B231C00034E5D0 /* SurfAppUITestsLaunchTests.swift */,
			);
			path = SurfAppUITests;
			sourceTree = "<group>";
		};
		0A4AF0E629B234190034E5D0 /* Sources */ = {
			isa = PBXGroup;
			children = (
				0A0CBB1F29BFF3E0002B6AE3 /* Classes */,
				0A4AF0FE29B243ED0034E5D0 /* Extension */,
				0A4AF0EF29B237630034E5D0 /* Model */,
				0A4AF0EE29B2372C0034E5D0 /* NetWorking */,
				0A4AF0E729B234300034E5D0 /* MainScene */,
				0A4AF10929B331B60034E5D0 /* DetailWeatherScene */,
			);
			path = Sources;
			sourceTree = "<group>";
		};
		0A4AF0E729B234300034E5D0 /* MainScene */ = {
			isa = PBXGroup;
			children = (
				0A4AF0EA29B234530034E5D0 /* Model */,
				0A4AF0E929B2344D0034E5D0 /* ViewModel */,
				0A4AF0E829B234440034E5D0 /* View */,
			);
			path = MainScene;
			sourceTree = "<group>";
		};
		0A4AF0E829B234440034E5D0 /* View */ = {
			isa = PBXGroup;
			children = (
				0A4AF0F229B238030034E5D0 /* ViewController */,
				0A4AF0F329B238140034E5D0 /* Component */,
			);
			path = View;
			sourceTree = "<group>";
		};
		0A4AF0E929B2344D0034E5D0 /* ViewModel */ = {
			isa = PBXGroup;
			children = (
				0A4AF0EC29B2348D0034E5D0 /* MainViewModel.swift */,
			);
			path = ViewModel;
			sourceTree = "<group>";
		};
		0A4AF0EA29B234530034E5D0 /* Model */ = {
			isa = PBXGroup;
			children = (
				0A39B88829D03158003B58DB /* FavoriteRegionCellData.swift */,
			);
			path = Model;
			sourceTree = "<group>";
		};
		0A4AF0EE29B2372C0034E5D0 /* NetWorking */ = {
			isa = PBXGroup;
			children = (
				0A4AF0F429B238520034E5D0 /* StormglassNetworking.swift */,
				0A4AF0FC29B23EFC0034E5D0 /* StormglassResponse.swift */,
			);
			path = NetWorking;
			sourceTree = "<group>";
		};
		0A4AF0EF29B237630034E5D0 /* Model */ = {
			isa = PBXGroup;
			children = (
				0A4AF0F029B237B30034E5D0 /* RegionModel.swift */,
				0A4AF11129BC5D4D0034E5D0 /* WeatherModel.swift */,
			);
			path = Model;
			sourceTree = "<group>";
		};
		0A4AF0F229B238030034E5D0 /* ViewController */ = {
			isa = PBXGroup;
			children = (
				0A4AF0E429B232F10034E5D0 /* MainViewController.swift */,
			);
			path = ViewController;
			sourceTree = "<group>";
		};
		0A4AF0F329B238140034E5D0 /* Component */ = {
			isa = PBXGroup;
			children = (
				0A4AF10129B316C50034E5D0 /* FavoriteRegionCollectionView.swift */,
				0A4AF10329B31C510034E5D0 /* SearchTableView.swift */,
			);
			path = Component;
			sourceTree = "<group>";
		};
		0A4AF0FE29B243ED0034E5D0 /* Extension */ = {
			isa = PBXGroup;
			children = (
				0A4AF0FF29B243F90034E5D0 /* Date+.swift */,
				0A4AF10529B323710034E5D0 /* UICollectionViewCell+.swift */,
				0A4AF10729B323850034E5D0 /* UITableViewCell+.swift */,
				0AE0E23A29C07D0F00F5F0D6 /* Sequence+.swift */,
				3F343CA429C337F3006C8FE8 /* Array+.swift */,
				0A39B88429CB3058003B58DB /* UILabel+.swift */,
				0A39B88629CB30F9003B58DB /* UIStackView+.swift */,
				0A39B88A29D0858A003B58DB /* UIColor+.swift */,
			);
			path = Extension;
			sourceTree = "<group>";
		};
		0A4AF10929B331B60034E5D0 /* DetailWeatherScene */ = {
			isa = PBXGroup;
			children = (
				0A4AF10E29B3321A0034E5D0 /* Model */,
				0A4AF10D29B332140034E5D0 /* ViewModel */,
				0A4AF10C29B3320B0034E5D0 /* View */,
			);
			path = DetailWeatherScene;
			sourceTree = "<group>";
		};
		0A4AF10C29B3320B0034E5D0 /* View */ = {
			isa = PBXGroup;
			children = (
				0A4AF11029B332360034E5D0 /* ViewController */,
				0A4AF10F29B332240034E5D0 /* Component */,
			);
			path = View;
			sourceTree = "<group>";
		};
		0A4AF10D29B332140034E5D0 /* ViewModel */ = {
			isa = PBXGroup;
			children = (
				0A39B88029C9EB96003B58DB /* DetailWeatherViewModel.swift */,
			);
			path = ViewModel;
			sourceTree = "<group>";
		};
		0A4AF10E29B3321A0034E5D0 /* Model */ = {
			isa = PBXGroup;
			children = (
				0A39B88229C9EDB1003B58DB /* BarGraphModel.swift */,
				0A39B89029D5CF68003B58DB /* WeekWeatherCellData.swift */,
			);
			path = Model;
			sourceTree = "<group>";
		};
		0A4AF10F29B332240034E5D0 /* Component */ = {
			isa = PBXGroup;
			children = (
				0A39B87E29C9D8E4003B58DB /* BarGraph.swift */,
				0A39B88C29D46981003B58DB /* DetailCurrentWeatherView.swift */,
				0A39B88E29D5CDA5003B58DB /* WeekWeatherCollectionView.swift */,
			);
			path = Component;
			sourceTree = "<group>";
		};
		0A4AF11029B332360034E5D0 /* ViewController */ = {
			isa = PBXGroup;
			children = (
				0A4AF10A29B332050034E5D0 /* DetailWeatherViewController.swift */,
			);
			path = ViewController;
			sourceTree = "<group>";
		};
/* End PBXGroup section */

/* Begin PBXNativeTarget section */
		0A4AF0A529B231BF0034E5D0 /* SurfApp */ = {
			isa = PBXNativeTarget;
			buildConfigurationList = 0A4AF0D029B231C00034E5D0 /* Build configuration list for PBXNativeTarget "SurfApp" */;
			buildPhases = (
				0A4AF0A229B231BF0034E5D0 /* Sources */,
				0A4AF0A329B231BF0034E5D0 /* Frameworks */,
				0A4AF0A429B231BF0034E5D0 /* Resources */,
			);
			buildRules = (
			);
			dependencies = (
			);
			name = SurfApp;
			packageProductDependencies = (
				0A4AF0DA29B2322E0034E5D0 /* Alamofire */,
				0A4AF0DD29B232690034E5D0 /* RxCocoa */,
				0A4AF0DF29B232690034E5D0 /* RxSwift */,
				0A4AF0E229B232960034E5D0 /* SnapKit */,
			);
			productName = SurfApp;
			productReference = 0A4AF0A629B231BF0034E5D0 /* SurfApp.app */;
			productType = "com.apple.product-type.application";
		};
		0A4AF0BB29B231C00034E5D0 /* SurfAppTests */ = {
			isa = PBXNativeTarget;
			buildConfigurationList = 0A4AF0D329B231C00034E5D0 /* Build configuration list for PBXNativeTarget "SurfAppTests" */;
			buildPhases = (
				0A4AF0B829B231C00034E5D0 /* Sources */,
				0A4AF0B929B231C00034E5D0 /* Frameworks */,
				0A4AF0BA29B231C00034E5D0 /* Resources */,
			);
			buildRules = (
			);
			dependencies = (
				0A4AF0BE29B231C00034E5D0 /* PBXTargetDependency */,
			);
			name = SurfAppTests;
			productName = SurfAppTests;
			productReference = 0A4AF0BC29B231C00034E5D0 /* SurfAppTests.xctest */;
			productType = "com.apple.product-type.bundle.unit-test";
		};
		0A4AF0C529B231C00034E5D0 /* SurfAppUITests */ = {
			isa = PBXNativeTarget;
			buildConfigurationList = 0A4AF0D629B231C00034E5D0 /* Build configuration list for PBXNativeTarget "SurfAppUITests" */;
			buildPhases = (
				0A4AF0C229B231C00034E5D0 /* Sources */,
				0A4AF0C329B231C00034E5D0 /* Frameworks */,
				0A4AF0C429B231C00034E5D0 /* Resources */,
			);
			buildRules = (
			);
			dependencies = (
				0A4AF0C829B231C00034E5D0 /* PBXTargetDependency */,
			);
			name = SurfAppUITests;
			productName = SurfAppUITests;
			productReference = 0A4AF0C629B231C00034E5D0 /* SurfAppUITests.xctest */;
			productType = "com.apple.product-type.bundle.ui-testing";
		};
/* End PBXNativeTarget section */

/* Begin PBXProject section */
		0A4AF09E29B231BF0034E5D0 /* Project object */ = {
			isa = PBXProject;
			attributes = {
				BuildIndependentTargetsInParallel = 1;
				LastSwiftUpdateCheck = 1420;
				LastUpgradeCheck = 1420;
				TargetAttributes = {
					0A4AF0A529B231BF0034E5D0 = {
						CreatedOnToolsVersion = 14.2;
					};
					0A4AF0BB29B231C00034E5D0 = {
						CreatedOnToolsVersion = 14.2;
						TestTargetID = 0A4AF0A529B231BF0034E5D0;
					};
					0A4AF0C529B231C00034E5D0 = {
						CreatedOnToolsVersion = 14.2;
						TestTargetID = 0A4AF0A529B231BF0034E5D0;
					};
				};
			};
			buildConfigurationList = 0A4AF0A129B231BF0034E5D0 /* Build configuration list for PBXProject "SurfApp" */;
			compatibilityVersion = "Xcode 14.0";
			developmentRegion = en;
			hasScannedForEncodings = 0;
			knownRegions = (
				en,
				Base,
			);
			mainGroup = 0A4AF09D29B231BF0034E5D0;
			packageReferences = (
				0A4AF0D929B2322E0034E5D0 /* XCRemoteSwiftPackageReference "Alamofire" */,
				0A4AF0DC29B232690034E5D0 /* XCRemoteSwiftPackageReference "RxSwift" */,
				0A4AF0E129B232960034E5D0 /* XCRemoteSwiftPackageReference "SnapKit" */,
			);
			productRefGroup = 0A4AF0A729B231BF0034E5D0 /* Products */;
			projectDirPath = "";
			projectRoot = "";
			targets = (
				0A4AF0A529B231BF0034E5D0 /* SurfApp */,
				0A4AF0BB29B231C00034E5D0 /* SurfAppTests */,
				0A4AF0C529B231C00034E5D0 /* SurfAppUITests */,
			);
		};
/* End PBXProject section */

/* Begin PBXResourcesBuildPhase section */
		0A4AF0A429B231BF0034E5D0 /* Resources */ = {
			isa = PBXResourcesBuildPhase;
			buildActionMask = 2147483647;
			files = (
				0A4AF0B629B231C00034E5D0 /* LaunchScreen.storyboard in Resources */,
				0A4AF0B329B231C00034E5D0 /* Assets.xcassets in Resources */,
			);
			runOnlyForDeploymentPostprocessing = 0;
		};
		0A4AF0BA29B231C00034E5D0 /* Resources */ = {
			isa = PBXResourcesBuildPhase;
			buildActionMask = 2147483647;
			files = (
			);
			runOnlyForDeploymentPostprocessing = 0;
		};
		0A4AF0C429B231C00034E5D0 /* Resources */ = {
			isa = PBXResourcesBuildPhase;
			buildActionMask = 2147483647;
			files = (
			);
			runOnlyForDeploymentPostprocessing = 0;
		};
/* End PBXResourcesBuildPhase section */

/* Begin PBXSourcesBuildPhase section */
		0A4AF0A229B231BF0034E5D0 /* Sources */ = {
			isa = PBXSourcesBuildPhase;
			buildActionMask = 2147483647;
			files = (
				0A4AF10229B316C50034E5D0 /* FavoriteRegionCollectionView.swift in Sources */,
				0A39B88F29D5CDA5003B58DB /* WeekWeatherCollectionView.swift in Sources */,
				0A4AF10029B243F90034E5D0 /* Date+.swift in Sources */,
				0A4AF0F129B237B30034E5D0 /* RegionModel.swift in Sources */,
				0A4AF0FD29B23EFC0034E5D0 /* StormglassResponse.swift in Sources */,
				0A39B88329C9EDB1003B58DB /* BarGraphModel.swift in Sources */,
				0A4AF11229BC5D4D0034E5D0 /* WeatherModel.swift in Sources */,
				0AE0E23929BFF4E800F5F0D6 /* SavedRegionManager.swift in Sources */,
				0A39B87F29C9D8E4003B58DB /* BarGraph.swift in Sources */,
				0A39B88529CB3058003B58DB /* UILabel+.swift in Sources */,
				0A39B89129D5CF68003B58DB /* WeekWeatherCellData.swift in Sources */,
				0A4AF0FB29B23B950034E5D0 /* APIKey.swift in Sources */,
				0A4AF0AA29B231BF0034E5D0 /* AppDelegate.swift in Sources */,
				0A4AF10B29B332050034E5D0 /* DetailWeatherViewController.swift in Sources */,
				0A4AF10629B323710034E5D0 /* UICollectionViewCell+.swift in Sources */,
				0A4AF0AC29B231BF0034E5D0 /* SceneDelegate.swift in Sources */,
				0A39B88B29D0858A003B58DB /* UIColor+.swift in Sources */,
				0AE0E23B29C07D0F00F5F0D6 /* Sequence+.swift in Sources */,
				0A4AF0F529B238520034E5D0 /* StormglassNetworking.swift in Sources */,
				0A39B88129C9EB96003B58DB /* DetailWeatherViewModel.swift in Sources */,
				3F343CA529C337F3006C8FE8 /* Array+.swift in Sources */,
				0A4AF10429B31C510034E5D0 /* SearchTableView.swift in Sources */,
				0A4AF10829B323850034E5D0 /* UITableViewCell+.swift in Sources */,
				0A4AF0E529B232F10034E5D0 /* MainViewController.swift in Sources */,
				0A39B88929D03158003B58DB /* FavoriteRegionCellData.swift in Sources */,
				0A4AF0ED29B2348D0034E5D0 /* MainViewModel.swift in Sources */,
				0A39B88D29D46981003B58DB /* DetailCurrentWeatherView.swift in Sources */,
				0A39B88729CB30F9003B58DB /* UIStackView+.swift in Sources */,
			);
			runOnlyForDeploymentPostprocessing = 0;
		};
		0A4AF0B829B231C00034E5D0 /* Sources */ = {
			isa = PBXSourcesBuildPhase;
			buildActionMask = 2147483647;
			files = (
				0A4AF0C129B231C00034E5D0 /* SurfAppTests.swift in Sources */,
			);
			runOnlyForDeploymentPostprocessing = 0;
		};
		0A4AF0C229B231C00034E5D0 /* Sources */ = {
			isa = PBXSourcesBuildPhase;
			buildActionMask = 2147483647;
			files = (
				0A4AF0CD29B231C00034E5D0 /* SurfAppUITestsLaunchTests.swift in Sources */,
				0A4AF0CB29B231C00034E5D0 /* SurfAppUITests.swift in Sources */,
			);
			runOnlyForDeploymentPostprocessing = 0;
		};
/* End PBXSourcesBuildPhase section */

/* Begin PBXTargetDependency section */
		0A4AF0BE29B231C00034E5D0 /* PBXTargetDependency */ = {
			isa = PBXTargetDependency;
			target = 0A4AF0A529B231BF0034E5D0 /* SurfApp */;
			targetProxy = 0A4AF0BD29B231C00034E5D0 /* PBXContainerItemProxy */;
		};
		0A4AF0C829B231C00034E5D0 /* PBXTargetDependency */ = {
			isa = PBXTargetDependency;
			target = 0A4AF0A529B231BF0034E5D0 /* SurfApp */;
			targetProxy = 0A4AF0C729B231C00034E5D0 /* PBXContainerItemProxy */;
		};
/* End PBXTargetDependency section */

/* Begin PBXVariantGroup section */
		0A4AF0B429B231C00034E5D0 /* LaunchScreen.storyboard */ = {
			isa = PBXVariantGroup;
			children = (
				0A4AF0B529B231C00034E5D0 /* Base */,
			);
			name = LaunchScreen.storyboard;
			sourceTree = "<group>";
		};
/* End PBXVariantGroup section */

/* Begin XCBuildConfiguration section */
		0A4AF0CE29B231C00034E5D0 /* Debug */ = {
			isa = XCBuildConfiguration;
			buildSettings = {
				ALWAYS_SEARCH_USER_PATHS = NO;
				CLANG_ANALYZER_NONNULL = YES;
				CLANG_ANALYZER_NUMBER_OBJECT_CONVERSION = YES_AGGRESSIVE;
				CLANG_CXX_LANGUAGE_STANDARD = "gnu++20";
				CLANG_ENABLE_MODULES = YES;
				CLANG_ENABLE_OBJC_ARC = YES;
				CLANG_ENABLE_OBJC_WEAK = YES;
				CLANG_WARN_BLOCK_CAPTURE_AUTORELEASING = YES;
				CLANG_WARN_BOOL_CONVERSION = YES;
				CLANG_WARN_COMMA = YES;
				CLANG_WARN_CONSTANT_CONVERSION = YES;
				CLANG_WARN_DEPRECATED_OBJC_IMPLEMENTATIONS = YES;
				CLANG_WARN_DIRECT_OBJC_ISA_USAGE = YES_ERROR;
				CLANG_WARN_DOCUMENTATION_COMMENTS = YES;
				CLANG_WARN_EMPTY_BODY = YES;
				CLANG_WARN_ENUM_CONVERSION = YES;
				CLANG_WARN_INFINITE_RECURSION = YES;
				CLANG_WARN_INT_CONVERSION = YES;
				CLANG_WARN_NON_LITERAL_NULL_CONVERSION = YES;
				CLANG_WARN_OBJC_IMPLICIT_RETAIN_SELF = YES;
				CLANG_WARN_OBJC_LITERAL_CONVERSION = YES;
				CLANG_WARN_OBJC_ROOT_CLASS = YES_ERROR;
				CLANG_WARN_QUOTED_INCLUDE_IN_FRAMEWORK_HEADER = YES;
				CLANG_WARN_RANGE_LOOP_ANALYSIS = YES;
				CLANG_WARN_STRICT_PROTOTYPES = YES;
				CLANG_WARN_SUSPICIOUS_MOVE = YES;
				CLANG_WARN_UNGUARDED_AVAILABILITY = YES_AGGRESSIVE;
				CLANG_WARN_UNREACHABLE_CODE = YES;
				CLANG_WARN__DUPLICATE_METHOD_MATCH = YES;
				COPY_PHASE_STRIP = NO;
				DEBUG_INFORMATION_FORMAT = dwarf;
				ENABLE_STRICT_OBJC_MSGSEND = YES;
				ENABLE_TESTABILITY = YES;
				GCC_C_LANGUAGE_STANDARD = gnu11;
				GCC_DYNAMIC_NO_PIC = NO;
				GCC_NO_COMMON_BLOCKS = YES;
				GCC_OPTIMIZATION_LEVEL = 0;
				GCC_PREPROCESSOR_DEFINITIONS = (
					"DEBUG=1",
					"$(inherited)",
				);
				GCC_WARN_64_TO_32_BIT_CONVERSION = YES;
				GCC_WARN_ABOUT_RETURN_TYPE = YES_ERROR;
				GCC_WARN_UNDECLARED_SELECTOR = YES;
				GCC_WARN_UNINITIALIZED_AUTOS = YES_AGGRESSIVE;
				GCC_WARN_UNUSED_FUNCTION = YES;
				GCC_WARN_UNUSED_VARIABLE = YES;
				IPHONEOS_DEPLOYMENT_TARGET = 16.2;
				MTL_ENABLE_DEBUG_INFO = INCLUDE_SOURCE;
				MTL_FAST_MATH = YES;
				ONLY_ACTIVE_ARCH = YES;
				SDKROOT = iphoneos;
				SWIFT_ACTIVE_COMPILATION_CONDITIONS = DEBUG;
				SWIFT_OPTIMIZATION_LEVEL = "-Onone";
			};
			name = Debug;
		};
		0A4AF0CF29B231C00034E5D0 /* Release */ = {
			isa = XCBuildConfiguration;
			buildSettings = {
				ALWAYS_SEARCH_USER_PATHS = NO;
				CLANG_ANALYZER_NONNULL = YES;
				CLANG_ANALYZER_NUMBER_OBJECT_CONVERSION = YES_AGGRESSIVE;
				CLANG_CXX_LANGUAGE_STANDARD = "gnu++20";
				CLANG_ENABLE_MODULES = YES;
				CLANG_ENABLE_OBJC_ARC = YES;
				CLANG_ENABLE_OBJC_WEAK = YES;
				CLANG_WARN_BLOCK_CAPTURE_AUTORELEASING = YES;
				CLANG_WARN_BOOL_CONVERSION = YES;
				CLANG_WARN_COMMA = YES;
				CLANG_WARN_CONSTANT_CONVERSION = YES;
				CLANG_WARN_DEPRECATED_OBJC_IMPLEMENTATIONS = YES;
				CLANG_WARN_DIRECT_OBJC_ISA_USAGE = YES_ERROR;
				CLANG_WARN_DOCUMENTATION_COMMENTS = YES;
				CLANG_WARN_EMPTY_BODY = YES;
				CLANG_WARN_ENUM_CONVERSION = YES;
				CLANG_WARN_INFINITE_RECURSION = YES;
				CLANG_WARN_INT_CONVERSION = YES;
				CLANG_WARN_NON_LITERAL_NULL_CONVERSION = YES;
				CLANG_WARN_OBJC_IMPLICIT_RETAIN_SELF = YES;
				CLANG_WARN_OBJC_LITERAL_CONVERSION = YES;
				CLANG_WARN_OBJC_ROOT_CLASS = YES_ERROR;
				CLANG_WARN_QUOTED_INCLUDE_IN_FRAMEWORK_HEADER = YES;
				CLANG_WARN_RANGE_LOOP_ANALYSIS = YES;
				CLANG_WARN_STRICT_PROTOTYPES = YES;
				CLANG_WARN_SUSPICIOUS_MOVE = YES;
				CLANG_WARN_UNGUARDED_AVAILABILITY = YES_AGGRESSIVE;
				CLANG_WARN_UNREACHABLE_CODE = YES;
				CLANG_WARN__DUPLICATE_METHOD_MATCH = YES;
				COPY_PHASE_STRIP = NO;
				DEBUG_INFORMATION_FORMAT = "dwarf-with-dsym";
				ENABLE_NS_ASSERTIONS = NO;
				ENABLE_STRICT_OBJC_MSGSEND = YES;
				GCC_C_LANGUAGE_STANDARD = gnu11;
				GCC_NO_COMMON_BLOCKS = YES;
				GCC_WARN_64_TO_32_BIT_CONVERSION = YES;
				GCC_WARN_ABOUT_RETURN_TYPE = YES_ERROR;
				GCC_WARN_UNDECLARED_SELECTOR = YES;
				GCC_WARN_UNINITIALIZED_AUTOS = YES_AGGRESSIVE;
				GCC_WARN_UNUSED_FUNCTION = YES;
				GCC_WARN_UNUSED_VARIABLE = YES;
				IPHONEOS_DEPLOYMENT_TARGET = 16.2;
				MTL_ENABLE_DEBUG_INFO = NO;
				MTL_FAST_MATH = YES;
				SDKROOT = iphoneos;
				SWIFT_COMPILATION_MODE = wholemodule;
				SWIFT_OPTIMIZATION_LEVEL = "-O";
				VALIDATE_PRODUCT = YES;
			};
			name = Release;
		};
		0A4AF0D129B231C00034E5D0 /* Debug */ = {
			isa = XCBuildConfiguration;
			buildSettings = {
				ASSETCATALOG_COMPILER_APPICON_NAME = AppIcon;
				ASSETCATALOG_COMPILER_GLOBAL_ACCENT_COLOR_NAME = AccentColor;
				CODE_SIGN_STYLE = Automatic;
				CURRENT_PROJECT_VERSION = 1;
				DEVELOPMENT_TEAM = ZNH7978JJQ;
				GENERATE_INFOPLIST_FILE = YES;
				INFOPLIST_FILE = SurfApp/Info.plist;
				INFOPLIST_KEY_UIApplicationSupportsIndirectInputEvents = YES;
				INFOPLIST_KEY_UILaunchStoryboardName = LaunchScreen;
				INFOPLIST_KEY_UISupportedInterfaceOrientations_iPad = "UIInterfaceOrientationPortrait UIInterfaceOrientationPortraitUpsideDown UIInterfaceOrientationLandscapeLeft UIInterfaceOrientationLandscapeRight";
				INFOPLIST_KEY_UISupportedInterfaceOrientations_iPhone = "UIInterfaceOrientationPortrait UIInterfaceOrientationLandscapeLeft UIInterfaceOrientationLandscapeRight";
				LD_RUNPATH_SEARCH_PATHS = (
					"$(inherited)",
					"@executable_path/Frameworks",
				);
				MARKETING_VERSION = 1.0;
				PRODUCT_BUNDLE_IDENTIFIER = com.SurfApp;
				PRODUCT_NAME = "$(TARGET_NAME)";
				SUPPORTED_PLATFORMS = "iphoneos iphonesimulator";
				SUPPORTS_MACCATALYST = NO;
				SUPPORTS_MAC_DESIGNED_FOR_IPHONE_IPAD = YES;
				SWIFT_EMIT_LOC_STRINGS = YES;
				SWIFT_VERSION = 5.0;
				TARGETED_DEVICE_FAMILY = 1;
			};
			name = Debug;
		};
		0A4AF0D229B231C00034E5D0 /* Release */ = {
			isa = XCBuildConfiguration;
			buildSettings = {
				ASSETCATALOG_COMPILER_APPICON_NAME = AppIcon;
				ASSETCATALOG_COMPILER_GLOBAL_ACCENT_COLOR_NAME = AccentColor;
				CODE_SIGN_STYLE = Automatic;
				CURRENT_PROJECT_VERSION = 1;
				DEVELOPMENT_TEAM = ZNH7978JJQ;
				GENERATE_INFOPLIST_FILE = YES;
				INFOPLIST_FILE = SurfApp/Info.plist;
				INFOPLIST_KEY_UIApplicationSupportsIndirectInputEvents = YES;
				INFOPLIST_KEY_UILaunchStoryboardName = LaunchScreen;
				INFOPLIST_KEY_UISupportedInterfaceOrientations_iPad = "UIInterfaceOrientationPortrait UIInterfaceOrientationPortraitUpsideDown UIInterfaceOrientationLandscapeLeft UIInterfaceOrientationLandscapeRight";
				INFOPLIST_KEY_UISupportedInterfaceOrientations_iPhone = "UIInterfaceOrientationPortrait UIInterfaceOrientationLandscapeLeft UIInterfaceOrientationLandscapeRight";
				LD_RUNPATH_SEARCH_PATHS = (
					"$(inherited)",
					"@executable_path/Frameworks",
				);
				MARKETING_VERSION = 1.0;
				PRODUCT_BUNDLE_IDENTIFIER = com.SurfApp;
				PRODUCT_NAME = "$(TARGET_NAME)";
				SUPPORTED_PLATFORMS = "iphoneos iphonesimulator";
				SUPPORTS_MACCATALYST = NO;
				SUPPORTS_MAC_DESIGNED_FOR_IPHONE_IPAD = YES;
				SWIFT_EMIT_LOC_STRINGS = YES;
				SWIFT_VERSION = 5.0;
				TARGETED_DEVICE_FAMILY = 1;
			};
			name = Release;
		};
		0A4AF0D429B231C00034E5D0 /* Debug */ = {
			isa = XCBuildConfiguration;
			buildSettings = {
				ALWAYS_EMBED_SWIFT_STANDARD_LIBRARIES = YES;
				BUNDLE_LOADER = "$(TEST_HOST)";
				CODE_SIGN_STYLE = Automatic;
				CURRENT_PROJECT_VERSION = 1;
				DEVELOPMENT_TEAM = ZNH7978JJQ;
				GENERATE_INFOPLIST_FILE = YES;
				IPHONEOS_DEPLOYMENT_TARGET = 16.2;
				MARKETING_VERSION = 1.0;
				PRODUCT_BUNDLE_IDENTIFIER = com.SurfAppTests;
				PRODUCT_NAME = "$(TARGET_NAME)";
				SWIFT_EMIT_LOC_STRINGS = NO;
				SWIFT_VERSION = 5.0;
				TARGETED_DEVICE_FAMILY = "1,2";
				TEST_HOST = "$(BUILT_PRODUCTS_DIR)/SurfApp.app/$(BUNDLE_EXECUTABLE_FOLDER_PATH)/SurfApp";
			};
			name = Debug;
		};
		0A4AF0D529B231C00034E5D0 /* Release */ = {
			isa = XCBuildConfiguration;
			buildSettings = {
				ALWAYS_EMBED_SWIFT_STANDARD_LIBRARIES = YES;
				BUNDLE_LOADER = "$(TEST_HOST)";
				CODE_SIGN_STYLE = Automatic;
				CURRENT_PROJECT_VERSION = 1;
				DEVELOPMENT_TEAM = ZNH7978JJQ;
				GENERATE_INFOPLIST_FILE = YES;
				IPHONEOS_DEPLOYMENT_TARGET = 16.2;
				MARKETING_VERSION = 1.0;
				PRODUCT_BUNDLE_IDENTIFIER = com.SurfAppTests;
				PRODUCT_NAME = "$(TARGET_NAME)";
				SWIFT_EMIT_LOC_STRINGS = NO;
				SWIFT_VERSION = 5.0;
				TARGETED_DEVICE_FAMILY = "1,2";
				TEST_HOST = "$(BUILT_PRODUCTS_DIR)/SurfApp.app/$(BUNDLE_EXECUTABLE_FOLDER_PATH)/SurfApp";
			};
			name = Release;
		};
		0A4AF0D729B231C00034E5D0 /* Debug */ = {
			isa = XCBuildConfiguration;
			buildSettings = {
				ALWAYS_EMBED_SWIFT_STANDARD_LIBRARIES = YES;
				CODE_SIGN_STYLE = Automatic;
				CURRENT_PROJECT_VERSION = 1;
				DEVELOPMENT_TEAM = ZNH7978JJQ;
				GENERATE_INFOPLIST_FILE = YES;
				MARKETING_VERSION = 1.0;
				PRODUCT_BUNDLE_IDENTIFIER = com.SurfAppUITests;
				PRODUCT_NAME = "$(TARGET_NAME)";
				SWIFT_EMIT_LOC_STRINGS = NO;
				SWIFT_VERSION = 5.0;
				TARGETED_DEVICE_FAMILY = "1,2";
				TEST_TARGET_NAME = SurfApp;
			};
			name = Debug;
		};
		0A4AF0D829B231C00034E5D0 /* Release */ = {
			isa = XCBuildConfiguration;
			buildSettings = {
				ALWAYS_EMBED_SWIFT_STANDARD_LIBRARIES = YES;
				CODE_SIGN_STYLE = Automatic;
				CURRENT_PROJECT_VERSION = 1;
				DEVELOPMENT_TEAM = ZNH7978JJQ;
				GENERATE_INFOPLIST_FILE = YES;
				MARKETING_VERSION = 1.0;
				PRODUCT_BUNDLE_IDENTIFIER = com.SurfAppUITests;
				PRODUCT_NAME = "$(TARGET_NAME)";
				SWIFT_EMIT_LOC_STRINGS = NO;
				SWIFT_VERSION = 5.0;
				TARGETED_DEVICE_FAMILY = "1,2";
				TEST_TARGET_NAME = SurfApp;
			};
			name = Release;
		};
/* End XCBuildConfiguration section */

/* Begin XCConfigurationList section */
		0A4AF0A129B231BF0034E5D0 /* Build configuration list for PBXProject "SurfApp" */ = {
			isa = XCConfigurationList;
			buildConfigurations = (
				0A4AF0CE29B231C00034E5D0 /* Debug */,
				0A4AF0CF29B231C00034E5D0 /* Release */,
			);
			defaultConfigurationIsVisible = 0;
			defaultConfigurationName = Release;
		};
		0A4AF0D029B231C00034E5D0 /* Build configuration list for PBXNativeTarget "SurfApp" */ = {
			isa = XCConfigurationList;
			buildConfigurations = (
				0A4AF0D129B231C00034E5D0 /* Debug */,
				0A4AF0D229B231C00034E5D0 /* Release */,
			);
			defaultConfigurationIsVisible = 0;
			defaultConfigurationName = Release;
		};
		0A4AF0D329B231C00034E5D0 /* Build configuration list for PBXNativeTarget "SurfAppTests" */ = {
			isa = XCConfigurationList;
			buildConfigurations = (
				0A4AF0D429B231C00034E5D0 /* Debug */,
				0A4AF0D529B231C00034E5D0 /* Release */,
			);
			defaultConfigurationIsVisible = 0;
			defaultConfigurationName = Release;
		};
		0A4AF0D629B231C00034E5D0 /* Build configuration list for PBXNativeTarget "SurfAppUITests" */ = {
			isa = XCConfigurationList;
			buildConfigurations = (
				0A4AF0D729B231C00034E5D0 /* Debug */,
				0A4AF0D829B231C00034E5D0 /* Release */,
			);
			defaultConfigurationIsVisible = 0;
			defaultConfigurationName = Release;
		};
/* End XCConfigurationList section */

/* Begin XCRemoteSwiftPackageReference section */
		0A4AF0D929B2322E0034E5D0 /* XCRemoteSwiftPackageReference "Alamofire" */ = {
			isa = XCRemoteSwiftPackageReference;
			repositoryURL = "https://github.com/Alamofire/Alamofire.git";
			requirement = {
				kind = upToNextMajorVersion;
				minimumVersion = 5.6.1;
			};
		};
		0A4AF0DC29B232690034E5D0 /* XCRemoteSwiftPackageReference "RxSwift" */ = {
			isa = XCRemoteSwiftPackageReference;
			repositoryURL = "https://github.com/ReactiveX/RxSwift.git";
			requirement = {
				kind = exactVersion;
				version = 6.5.0;
			};
		};
		0A4AF0E129B232960034E5D0 /* XCRemoteSwiftPackageReference "SnapKit" */ = {
			isa = XCRemoteSwiftPackageReference;
			repositoryURL = "https://github.com/SnapKit/SnapKit.git";
			requirement = {
				kind = upToNextMajorVersion;
				minimumVersion = 5.0.1;
			};
		};
/* End XCRemoteSwiftPackageReference section */

/* Begin XCSwiftPackageProductDependency section */
		0A4AF0DA29B2322E0034E5D0 /* Alamofire */ = {
			isa = XCSwiftPackageProductDependency;
			package = 0A4AF0D929B2322E0034E5D0 /* XCRemoteSwiftPackageReference "Alamofire" */;
			productName = Alamofire;
		};
		0A4AF0DD29B232690034E5D0 /* RxCocoa */ = {
			isa = XCSwiftPackageProductDependency;
			package = 0A4AF0DC29B232690034E5D0 /* XCRemoteSwiftPackageReference "RxSwift" */;
			productName = RxCocoa;
		};
		0A4AF0DF29B232690034E5D0 /* RxSwift */ = {
			isa = XCSwiftPackageProductDependency;
			package = 0A4AF0DC29B232690034E5D0 /* XCRemoteSwiftPackageReference "RxSwift" */;
			productName = RxSwift;
		};
		0A4AF0E229B232960034E5D0 /* SnapKit */ = {
			isa = XCSwiftPackageProductDependency;
			package = 0A4AF0E129B232960034E5D0 /* XCRemoteSwiftPackageReference "SnapKit" */;
			productName = SnapKit;
		};
/* End XCSwiftPackageProductDependency section */
	};
	rootObject = 0A4AF09E29B231BF0034E5D0 /* Project object */;
}
